<?xml version="1.0" encoding="utf-8"?>
<Project ToolsVersion="4.0" xmlns="http://schemas.microsoft.com/developer/msbuild/2003">
  <ItemGroup>
    <Filter Include="Quelldateien">
      <UniqueIdentifier>{4FC737F1-C7A5-4376-A066-2A32D752A2FF}</UniqueIdentifier>
      <Extensions>cpp;c;cxx;def;odl;idl;hpj;bat;asm;asmx</Extensions>
    </Filter>
    <Filter Include="Headerdateien">
      <UniqueIdentifier>{93995380-89BD-4b04-88EB-625FBE52EBFB}</UniqueIdentifier>
      <Extensions>h;hpp;hxx;hm;inl;inc;xsd</Extensions>
    </Filter>
    <Filter Include="Ressourcendateien">
      <UniqueIdentifier>{67DA6AB6-F800-4c08-8B7A-83BB121AAD01}</UniqueIdentifier>
      <Extensions>rc;ico;cur;bmp;dlg;rc2;rct;bin;rgs;gif;jpg;jpeg;jpe;resx</Extensions>
    </Filter>
  </ItemGroup>
  <ItemGroup>
    <ClCompile Include="backend.cpp">
      <Filter>Quelldateien</Filter>
    </ClCompile>
    <ClCompile Include="commands.cpp">
      <Filter>Quelldateien</Filter>
    </ClCompile>
    <ClCompile Include="ControlSocket.cpp">
      <Filter>Quelldateien</Filter>
    </ClCompile>
    <ClCompile Include="directorycache.cpp">
      <Filter>Quelldateien</Filter>
    </ClCompile>
    <ClCompile Include="directorylisting.cpp">
      <Filter>Quelldateien</Filter>
    </ClCompile>
    <ClCompile Include="directorylistingparser.cpp">
      <Filter>Quelldateien</Filter>
    </ClCompile>
    <ClCompile Include="engineprivate.cpp">
      <Filter>Quelldateien</Filter>
    </ClCompile>
    <ClCompile Include="externalipresolver.cpp">
      <Filter>Quelldateien</Filter>
    </ClCompile>
    <ClCompile Include="FileZillaEngine.cpp">
      <Filter>Quelldateien</Filter>
    </ClCompile>
    <ClCompile Include="ftpcontrolsocket.cpp">
      <Filter>Quelldateien</Filter>
    </ClCompile>
    <ClCompile Include="httpcontrolsocket.cpp">
      <Filter>Quelldateien</Filter>
    </ClCompile>
    <ClCompile Include="iothread.cpp">
      <Filter>Quelldateien</Filter>
    </ClCompile>
    <ClCompile Include="local_filesys.cpp">
      <Filter>Quelldateien</Filter>
    </ClCompile>
    <ClCompile Include="local_path.cpp">
      <Filter>Quelldateien</Filter>
    </ClCompile>
    <ClCompile Include="logging.cpp">
      <Filter>Quelldateien</Filter>
    </ClCompile>
    <ClCompile Include="misc.cpp">
      <Filter>Quelldateien</Filter>
    </ClCompile>
    <ClCompile Include="notification.cpp">
      <Filter>Quelldateien</Filter>
    </ClCompile>
    <ClCompile Include="option_change_event_handler.cpp">
      <Filter>Quelldateien</Filter>
    </ClCompile>
    <ClCompile Include="pathcache.cpp">
      <Filter>Quelldateien</Filter>
    </ClCompile>
    <ClCompile Include="proxy.cpp">
      <Filter>Quelldateien</Filter>
    </ClCompile>
    <ClCompile Include="ratelimiter.cpp">
      <Filter>Quelldateien</Filter>
    </ClCompile>
    <ClCompile Include="server.cpp">
      <Filter>Quelldateien</Filter>
    </ClCompile>
    <ClCompile Include="servercapabilities.cpp">
      <Filter>Quelldateien</Filter>
    </ClCompile>
    <ClCompile Include="serverpath.cpp">
      <Filter>Quelldateien</Filter>
    </ClCompile>
    <ClCompile Include="sftpcontrolsocket.cpp">
      <Filter>Quelldateien</Filter>
    </ClCompile>
    <ClCompile Include="sizeformatting_base.cpp">
      <Filter>Quelldateien</Filter>
    </ClCompile>
    <ClCompile Include="socket.cpp">
      <Filter>Quelldateien</Filter>
    </ClCompile>
    <ClCompile Include="string_coalescer.cpp">
      <Filter>Quelldateien</Filter>
    </ClCompile>
    <ClCompile Include="threadex.cpp">
      <Filter>Quelldateien</Filter>
    </ClCompile>
    <ClCompile Include="timeex.cpp">
      <Filter>Quelldateien</Filter>
    </ClCompile>
    <ClCompile Include="tlssocket.cpp">
      <Filter>Quelldateien</Filter>
    </ClCompile>
    <ClCompile Include="transfersocket.cpp">
      <Filter>Quelldateien</Filter>
    </ClCompile>
  </ItemGroup>
  <ItemGroup>
    <ClInclude Include="backend.h">
      <Filter>Headerdateien</Filter>
    </ClInclude>
    <ClInclude Include="..\include\commands.h">
      <Filter>Headerdateien</Filter>
    </ClInclude>
    <ClInclude Include="..\include\config.h">
      <Filter>Headerdateien</Filter>
    </ClInclude>
    <ClInclude Include="ControlSocket.h">
      <Filter>Headerdateien</Filter>
    </ClInclude>
    <ClInclude Include="directorycache.h">
      <Filter>Headerdateien</Filter>
    </ClInclude>
    <ClInclude Include="..\include\directorylisting.h">
      <Filter>Headerdateien</Filter>
    </ClInclude>
    <ClInclude Include="directorylistingparser.h">
      <Filter>Headerdateien</Filter>
    </ClInclude>
    <ClInclude Include="..\include\engineprivate.h">
      <Filter>Headerdateien</Filter>
    </ClInclude>
    <ClInclude Include="..\include\externalipresolver.h">
      <Filter>Headerdateien</Filter>
    </ClInclude>
    <ClInclude Include="filezilla.h">
      <Filter>Headerdateien</Filter>
    </ClInclude>
    <ClInclude Include="..\include\FileZillaEngine.h">
      <Filter>Headerdateien</Filter>
    </ClInclude>
    <ClInclude Include="FtpControlSocket.h">
      <Filter>Headerdateien</Filter>
    </ClInclude>
    <ClInclude Include="httpcontrolsocket.h">
      <Filter>Headerdateien</Filter>
    </ClInclude>
    <ClInclude Include="iothread.h">
      <Filter>Headerdateien</Filter>
    </ClInclude>
    <ClInclude Include="..\include\libfilezilla.h">
      <Filter>Headerdateien</Filter>
    </ClInclude>
    <ClInclude Include="..\include\local_filesys.h">
      <Filter>Headerdateien</Filter>
    </ClInclude>
    <ClInclude Include="..\include\local_path.h">
      <Filter>Headerdateien</Filter>
    </ClInclude>
    <ClInclude Include="..\include\logging.h">
      <Filter>Headerdateien</Filter>
    </ClInclude>
    <ClInclude Include="logging_private.h">
      <Filter>Headerdateien</Filter>
    </ClInclude>
    <ClInclude Include="..\include\misc.h">
      <Filter>Headerdateien</Filter>
    </ClInclude>
    <ClInclude Include="..\include\notification.h">
      <Filter>Headerdateien</Filter>
    </ClInclude>
    <ClInclude Include="..\include\option_change_event_handler.h">
      <Filter>Headerdateien</Filter>
    </ClInclude>
    <ClInclude Include="..\include\optionsbase.h">
      <Filter>Headerdateien</Filter>
    </ClInclude>
    <ClInclude Include="pathcache.h">
      <Filter>Headerdateien</Filter>
    </ClInclude>
    <ClInclude Include="proxy.h">
      <Filter>Headerdateien</Filter>
    </ClInclude>
    <ClInclude Include="ratelimiter.h">
      <Filter>Headerdateien</Filter>
    </ClInclude>
    <ClInclude Include="..\include\Server.h">
      <Filter>Headerdateien</Filter>
    </ClInclude>
    <ClInclude Include="servercapabilities.h">
      <Filter>Headerdateien</Filter>
    </ClInclude>
    <ClInclude Include="..\include\serverpath.h">
      <Filter>Headerdateien</Filter>
    </ClInclude>
    <ClInclude Include="sftpcontrolsocket.h">
      <Filter>Headerdateien</Filter>
    </ClInclude>
    <ClInclude Include="..\include\sizeformatting_base.h">
      <Filter>Headerdateien</Filter>
    </ClInclude>
    <ClInclude Include="..\include\socket.h">
      <Filter>Headerdateien</Filter>
    </ClInclude>
    <ClInclude Include="..\include\string_coalescer.h">
      <Filter>Headerdateien</Filter>
    </ClInclude>
    <ClInclude Include="..\include\threadex.h">
      <Filter>Headerdateien</Filter>
    </ClInclude>
    <ClInclude Include="..\include\timeex.h">
      <Filter>Headerdateien</Filter>
    </ClInclude>
    <ClInclude Include="tlssocket.h">
      <Filter>Headerdateien</Filter>
    </ClInclude>
    <ClInclude Include="transfersocket.h">
      <Filter>Headerdateien</Filter>
    </ClInclude>
  </ItemGroup>
</Project>