<?xml version="1.0" encoding="utf-8"?>
<Project ToolsVersion="4.0" xmlns="http://schemas.microsoft.com/developer/msbuild/2003">
  <ItemGroup>
    <Filter Include="Quellcodedateien">
      <UniqueIdentifier>{f207e8f3-e17f-46c4-8c5a-292cea3efc46}</UniqueIdentifier>
      <Extensions>cpp;c;cxx;rc;def;r;odl;idl;hpj;bat</Extensions>
    </Filter>
    <Filter Include="Header-Dateien">
      <UniqueIdentifier>{43a132ba-c812-495b-ae02-c3dc949acf79}</UniqueIdentifier>
      <Extensions>h;hpp;hxx;hm;inl</Extensions>
    </Filter>
    <Filter Include="Ressourcendateien">
      <UniqueIdentifier>{8b8a7b85-3232-48ad-8e23-70bd19144b2a}</UniqueIdentifier>
      <Extensions>ico;cur;bmp;dlg;rc2;rct;bin;rgs;gif;jpg;jpeg;jpe</Extensions>
    </Filter>
  </ItemGroup>
  <ItemGroup>
    <ClCompile Include="aboutdialog.cpp">
      <Filter>Quellcodedateien</Filter>
    </ClCompile>
    <ClCompile Include="asyncrequestqueue.cpp">
      <Filter>Quellcodedateien</Filter>
    </ClCompile>
    <ClCompile Include="aui_notebook_ex.cpp">
      <Filter>Quellcodedateien</Filter>
    </ClCompile>
    <ClCompile Include="auto_ascii_files.cpp">
      <Filter>Quellcodedateien</Filter>
    </ClCompile>
    <ClCompile Include="bookmarks_dialog.cpp">
      <Filter>Quellcodedateien</Filter>
    </ClCompile>
    <ClCompile Include="buildinfo.cpp">
      <Filter>Quellcodedateien</Filter>
    </ClCompile>
    <ClCompile Include="chmoddialog.cpp">
      <Filter>Quellcodedateien</Filter>
    </ClCompile>
    <ClCompile Include="clearprivatedata.cpp">
      <Filter>Quellcodedateien</Filter>
    </ClCompile>
    <ClCompile Include="cmdline.cpp">
      <Filter>Quellcodedateien</Filter>
    </ClCompile>
    <ClCompile Include="commandqueue.cpp">
      <Filter>Quellcodedateien</Filter>
    </ClCompile>
    <ClCompile Include="conditionaldialog.cpp">
      <Filter>Quellcodedateien</Filter>
    </ClCompile>
    <ClCompile Include="context_control.cpp">
      <Filter>Quellcodedateien</Filter>
    </ClCompile>
    <ClCompile Include="customheightlistctrl.cpp">
      <Filter>Quellcodedateien</Filter>
    </ClCompile>
    <ClCompile Include="defaultfileexistsdlg.cpp">
      <Filter>Quellcodedateien</Filter>
    </ClCompile>
    <ClCompile Include="dialogex.cpp">
      <Filter>Quellcodedateien</Filter>
    </ClCompile>
    <ClCompile Include="dndobjects.cpp">
      <Filter>Quellcodedateien</Filter>
    </ClCompile>
    <ClCompile Include="dragdropmanager.cpp">
      <Filter>Quellcodedateien</Filter>
    </ClCompile>
    <ClCompile Include="edithandler.cpp">
      <Filter>Quellcodedateien</Filter>
    </ClCompile>
    <ClCompile Include="export.cpp">
      <Filter>Quellcodedateien</Filter>
    </ClCompile>
    <ClCompile Include="fileexistsdlg.cpp">
      <Filter>Quellcodedateien</Filter>
    </ClCompile>
    <ClCompile Include="filelist_statusbar.cpp">
      <Filter>Quellcodedateien</Filter>
    </ClCompile>
    <ClCompile Include="filelistctrl.cpp">
      <Filter>Quellcodedateien</Filter>
    </ClCompile>
    <ClCompile Include="FileZilla.cpp">
      <Filter>Quellcodedateien</Filter>
    </ClCompile>
    <ClCompile Include="filter.cpp">
      <Filter>Quellcodedateien</Filter>
    </ClCompile>
    <ClCompile Include="filter_conditions_dialog.cpp">
      <Filter>Quellcodedateien</Filter>
    </ClCompile>
    <ClCompile Include="filteredit.cpp">
      <Filter>Quellcodedateien</Filter>
    </ClCompile>
    <ClCompile Include="import.cpp">
      <Filter>Quellcodedateien</Filter>
    </ClCompile>
    <ClCompile Include="inputdialog.cpp">
      <Filter>Quellcodedateien</Filter>
    </ClCompile>
    <ClCompile Include="ipcmutex.cpp">
      <Filter>Quellcodedateien</Filter>
    </ClCompile>
    <ClCompile Include="led.cpp">
      <Filter>Quellcodedateien</Filter>
    </ClCompile>
    <ClCompile Include="listctrlex.cpp">
      <Filter>Quellcodedateien</Filter>
    </ClCompile>
    <ClCompile Include="listingcomparison.cpp">
      <Filter>Quellcodedateien</Filter>
    </ClCompile>
    <ClCompile Include="LocalListView.cpp">
      <Filter>Quellcodedateien</Filter>
    </ClCompile>
    <ClCompile Include="LocalTreeView.cpp">
      <Filter>Quellcodedateien</Filter>
    </ClCompile>
    <ClCompile Include="loginmanager.cpp">
      <Filter>Quellcodedateien</Filter>
    </ClCompile>
    <ClCompile Include="Mainfrm.cpp">
      <Filter>Quellcodedateien</Filter>
    </ClCompile>
    <ClCompile Include="manual_transfer.cpp">
      <Filter>Quellcodedateien</Filter>
    </ClCompile>
    <ClCompile Include="menu_bar.cpp">
      <Filter>Quellcodedateien</Filter>
    </ClCompile>
    <ClCompile Include="netconfwizard.cpp">
      <Filter>Quellcodedateien</Filter>
    </ClCompile>
    <ClCompile Include="Options.cpp">
      <Filter>Quellcodedateien</Filter>
    </ClCompile>
    <ClCompile Include="settings\optionspage.cpp">
      <Filter>Quellcodedateien</Filter>
    </ClCompile>
    <ClCompile Include="settings\optionspage_connection.cpp">
      <Filter>Quellcodedateien</Filter>
    </ClCompile>
    <ClCompile Include="settings\optionspage_connection_active.cpp">
      <Filter>Quellcodedateien</Filter>
    </ClCompile>
    <ClCompile Include="settings\optionspage_connection_ftp.cpp">
      <Filter>Quellcodedateien</Filter>
    </ClCompile>
    <ClCompile Include="settings\optionspage_connection_passive.cpp">
      <Filter>Quellcodedateien</Filter>
    </ClCompile>
    <ClCompile Include="settings\optionspage_connection_sftp.cpp">
      <Filter>Quellcodedateien</Filter>
    </ClCompile>
    <ClCompile Include="settings\optionspage_dateformatting.cpp">
      <Filter>Quellcodedateien</Filter>
    </ClCompile>
    <ClCompile Include="settings\optionspage_debug.cpp">
      <Filter>Quellcodedateien</Filter>
    </ClCompile>
    <ClCompile Include="settings\optionspage_edit.cpp">
      <Filter>Quellcodedateien</Filter>
    </ClCompile>
    <ClCompile Include="settings\optionspage_edit_associations.cpp">
      <Filter>Quellcodedateien</Filter>
    </ClCompile>
    <ClCompile Include="settings\optionspage_fileexists.cpp">
      <Filter>Quellcodedateien</Filter>
    </ClCompile>
    <ClCompile Include="settings\optionspage_filelists.cpp">
      <Filter>Quellcodedateien</Filter>
    </ClCompile>
    <ClCompile Include="settings\optionspage_filetype.cpp">
      <Filter>Quellcodedateien</Filter>
    </ClCompile>
    <ClCompile Include="settings\optionspage_ftpproxy.cpp">
      <Filter>Quellcodedateien</Filter>
    </ClCompile>
    <ClCompile Include="settings\optionspage_interface.cpp">
      <Filter>Quellcodedateien</Filter>
    </ClCompile>
    <ClCompile Include="settings\optionspage_language.cpp">
      <Filter>Quellcodedateien</Filter>
    </ClCompile>
    <ClCompile Include="settings\optionspage_logging.cpp">
      <Filter>Quellcodedateien</Filter>
    </ClCompile>
    <ClCompile Include="settings\optionspage_proxy.cpp">
      <Filter>Quellcodedateien</Filter>
    </ClCompile>
    <ClCompile Include="settings\optionspage_sizeformatting.cpp">
      <Filter>Quellcodedateien</Filter>
    </ClCompile>
    <ClCompile Include="settings\optionspage_themes.cpp">
      <Filter>Quellcodedateien</Filter>
    </ClCompile>
    <ClCompile Include="settings\optionspage_transfer.cpp">
      <Filter>Quellcodedateien</Filter>
    </ClCompile>
    <ClCompile Include="settings\optionspage_updatecheck.cpp">
      <Filter>Quellcodedateien</Filter>
    </ClCompile>
    <ClCompile Include="power_management.cpp">
      <Filter>Quellcodedateien</Filter>
    </ClCompile>
    <ClCompile Include="queue.cpp">
      <Filter>Quellcodedateien</Filter>
    </ClCompile>
    <ClCompile Include="queue_storage.cpp">
      <Filter>Quellcodedateien</Filter>
    </ClCompile>
    <ClCompile Include="QueueView.cpp">
      <Filter>Quellcodedateien</Filter>
    </ClCompile>
    <ClCompile Include="queueview_failed.cpp">
      <Filter>Quellcodedateien</Filter>
    </ClCompile>
    <ClCompile Include="queueview_successful.cpp">
      <Filter>Quellcodedateien</Filter>
    </ClCompile>
    <ClCompile Include="quickconnectbar.cpp">
      <Filter>Quellcodedateien</Filter>
    </ClCompile>
    <ClCompile Include="recentserverlist.cpp">
      <Filter>Quellcodedateien</Filter>
    </ClCompile>
    <ClCompile Include="recursive_operation.cpp">
      <Filter>Quellcodedateien</Filter>
    </ClCompile>
    <ClCompile Include="RemoteListView.cpp">
      <Filter>Quellcodedateien</Filter>
    </ClCompile>
    <ClCompile Include="RemoteTreeView.cpp">
      <Filter>Quellcodedateien</Filter>
    </ClCompile>
    <ClCompile Include="search.cpp">
      <Filter>Quellcodedateien</Filter>
    </ClCompile>
    <ClCompile Include="settings\settingsdialog.cpp">
      <Filter>Quellcodedateien</Filter>
    </ClCompile>
    <ClCompile Include="sftp_crypt_info_dlg.cpp">
      <Filter>Quellcodedateien</Filter>
    </ClCompile>
    <ClCompile Include="sitemanager.cpp">
      <Filter>Quellcodedateien</Filter>
    </ClCompile>
    <ClCompile Include="sitemanager_dialog.cpp">
      <Filter>Quellcodedateien</Filter>
    </ClCompile>
    <ClCompile Include="sizeformatting.cpp">
      <Filter>Quellcodedateien</Filter>
    </ClCompile>
    <ClCompile Include="speedlimits_dialog.cpp">
      <Filter>Quellcodedateien</Filter>
    </ClCompile>
    <ClCompile Include="splitter.cpp">
      <Filter>Quellcodedateien</Filter>
    </ClCompile>
    <ClCompile Include="state.cpp">
      <Filter>Quellcodedateien</Filter>
    </ClCompile>
    <ClCompile Include="statusbar.cpp">
      <Filter>Quellcodedateien</Filter>
    </ClCompile>
    <ClCompile Include="statuslinectrl.cpp">
      <Filter>Quellcodedateien</Filter>
    </ClCompile>
    <ClCompile Include="StatusView.cpp">
      <Filter>Quellcodedateien</Filter>
    </ClCompile>
    <ClCompile Include="systemimagelist.cpp">
      <Filter>Quellcodedateien</Filter>
    </ClCompile>
    <ClCompile Include="textctrlex.cpp">
      <Filter>Quellcodedateien</Filter>
    </ClCompile>
    <ClCompile Include="themeprovider.cpp">
      <Filter>Quellcodedateien</Filter>
    </ClCompile>
    <ClCompile Include="timeformatting.cpp">
      <Filter>Quellcodedateien</Filter>
    </ClCompile>
    <ClCompile Include="toolbar.cpp">
      <Filter>Quellcodedateien</Filter>
    </ClCompile>
    <ClCompile Include="treectrlex.cpp">
      <Filter>Quellcodedateien</Filter>
    </ClCompile>
    <ClCompile Include="updatewizard.cpp">
      <Filter>Quellcodedateien</Filter>
    </ClCompile>
    <ClCompile Include="verifycertdialog.cpp">
      <Filter>Quellcodedateien</Filter>
    </ClCompile>
    <ClCompile Include="verifyhostkeydialog.cpp">
      <Filter>Quellcodedateien</Filter>
    </ClCompile>
    <ClCompile Include="view.cpp">
      <Filter>Quellcodedateien</Filter>
    </ClCompile>
    <ClCompile Include="viewheader.cpp">
      <Filter>Quellcodedateien</Filter>
    </ClCompile>
    <ClCompile Include="volume_enumerator.cpp">
      <Filter>Quellcodedateien</Filter>
    </ClCompile>
    <ClCompile Include="welcome_dialog.cpp">
      <Filter>Quellcodedateien</Filter>
    </ClCompile>
    <ClCompile Include="window_state_manager.cpp">
      <Filter>Quellcodedateien</Filter>
    </ClCompile>
    <ClCompile Include="wrapengine.cpp">
      <Filter>Quellcodedateien</Filter>
    </ClCompile>
    <ClCompile Include="xh_menu_ex.cpp">
      <Filter>Quellcodedateien</Filter>
    </ClCompile>
    <ClCompile Include="xh_text_ex.cpp">
      <Filter>Quellcodedateien</Filter>
    </ClCompile>
    <ClCompile Include="xh_toolb_ex.cpp">
      <Filter>Quellcodedateien</Filter>
    </ClCompile>
    <ClCompile Include="xmlfunctions.cpp">
      <Filter>Quellcodedateien</Filter>
    </ClCompile>
  </ItemGroup>
  <ItemGroup>
    <ClInclude Include="auto_ascii_files.h">
      <Filter>Quellcodedateien</Filter>
    </ClInclude>
    <ClInclude Include="aboutdialog.h">
      <Filter>Header-Dateien</Filter>
    </ClInclude>
    <ClInclude Include="asyncrequestqueue.h">
      <Filter>Header-Dateien</Filter>
    </ClInclude>
    <ClInclude Include="aui_notebook_ex.h">
      <Filter>Header-Dateien</Filter>
    </ClInclude>
    <ClInclude Include="bookmarks_dialog.h">
      <Filter>Header-Dateien</Filter>
    </ClInclude>
    <ClInclude Include="buildinfo.h">
      <Filter>Header-Dateien</Filter>
    </ClInclude>
    <ClInclude Include="chmoddialog.h">
      <Filter>Header-Dateien</Filter>
    </ClInclude>
    <ClInclude Include="clearprivatedata.h">
      <Filter>Header-Dateien</Filter>
    </ClInclude>
    <ClInclude Include="cmdline.h">
      <Filter>Header-Dateien</Filter>
    </ClInclude>
    <ClInclude Include="commandqueue.h">
      <Filter>Header-Dateien</Filter>
    </ClInclude>
    <ClInclude Include="conditionaldialog.h">
      <Filter>Header-Dateien</Filter>
    </ClInclude>
    <ClInclude Include="context_control.h">
      <Filter>Header-Dateien</Filter>
    </ClInclude>
    <ClInclude Include="customheightlistctrl.h">
      <Filter>Header-Dateien</Filter>
    </ClInclude>
    <ClInclude Include="defaultfileexistsdlg.h">
      <Filter>Header-Dateien</Filter>
    </ClInclude>
    <ClInclude Include="dialogex.h">
      <Filter>Header-Dateien</Filter>
    </ClInclude>
    <ClInclude Include="dndobjects.h">
      <Filter>Header-Dateien</Filter>
    </ClInclude>
    <ClInclude Include="dragdropmanager.h">
      <Filter>Header-Dateien</Filter>
    </ClInclude>
    <ClInclude Include="edithandler.h">
      <Filter>Header-Dateien</Filter>
    </ClInclude>
    <ClInclude Include="export.h">
      <Filter>Header-Dateien</Filter>
    </ClInclude>
    <ClInclude Include="fileexistsdlg.h">
      <Filter>Header-Dateien</Filter>
    </ClInclude>
    <ClInclude Include="filelist_statusbar.h">
      <Filter>Header-Dateien</Filter>
    </ClInclude>
    <ClInclude Include="filelistctrl.h">
      <Filter>Header-Dateien</Filter>
    </ClInclude>
    <ClInclude Include="filezillaapp.h">
      <Filter>Header-Dateien</Filter>
    </ClInclude>
    <ClInclude Include="filter.h">
      <Filter>Header-Dateien</Filter>
    </ClInclude>
    <ClInclude Include="filter_conditions_dialog.h">
      <Filter>Header-Dateien</Filter>
    </ClInclude>
    <ClInclude Include="filteredit.h">
      <Filter>Header-Dateien</Filter>
    </ClInclude>
    <ClInclude Include="import.h">
      <Filter>Header-Dateien</Filter>
    </ClInclude>
    <ClInclude Include="inputdialog.h">
      <Filter>Header-Dateien</Filter>
    </ClInclude>
    <ClInclude Include="ipcmutex.h">
      <Filter>Header-Dateien</Filter>
    </ClInclude>
    <ClInclude Include="led.h">
      <Filter>Header-Dateien</Filter>
    </ClInclude>
    <ClInclude Include="listctrlex.h">
      <Filter>Header-Dateien</Filter>
    </ClInclude>
    <ClInclude Include="listingcomparison.h">
      <Filter>Header-Dateien</Filter>
    </ClInclude>
    <ClInclude Include="LocalListView.h">
      <Filter>Header-Dateien</Filter>
    </ClInclude>
    <ClInclude Include="LocalTreeView.h">
      <Filter>Header-Dateien</Filter>
    </ClInclude>
    <ClInclude Include="loginmanager.h">
      <Filter>Header-Dateien</Filter>
    </ClInclude>
    <ClInclude Include="Mainfrm.h">
      <Filter>Header-Dateien</Filter>
    </ClInclude>
    <ClInclude Include="manual_transfer.h">
      <Filter>Header-Dateien</Filter>
    </ClInclude>
    <ClInclude Include="menu_bar.h">
      <Filter>Header-Dateien</Filter>
    </ClInclude>
    <ClInclude Include="netconfwizard.h">
      <Filter>Header-Dateien</Filter>
    </ClInclude>
    <ClInclude Include="Options.h">
      <Filter>Header-Dateien</Filter>
    </ClInclude>
    <ClInclude Include="settings\optionspage.h">
      <Filter>Header-Dateien</Filter>
    </ClInclude>
    <ClInclude Include="settings\optionspage_connection.h">
      <Filter>Header-Dateien</Filter>
    </ClInclude>
    <ClInclude Include="settings\optionspage_connection_active.h">
      <Filter>Header-Dateien</Filter>
    </ClInclude>
    <ClInclude Include="settings\optionspage_connection_ftp.h">
      <Filter>Header-Dateien</Filter>
    </ClInclude>
    <ClInclude Include="settings\optionspage_connection_passive.h">
      <Filter>Header-Dateien</Filter>
    </ClInclude>
    <ClInclude Include="settings\optionspage_connection_sftp.h">
      <Filter>Header-Dateien</Filter>
    </ClInclude>
    <ClInclude Include="settings\optionspage_dateformatting.h">
      <Filter>Header-Dateien</Filter>
    </ClInclude>
    <ClInclude Include="settings\optionspage_debug.h">
      <Filter>Header-Dateien</Filter>
    </ClInclude>
    <ClInclude Include="settings\optionspage_edit.h">
      <Filter>Header-Dateien</Filter>
    </ClInclude>
    <ClInclude Include="settings\optionspage_edit_associations.h">
      <Filter>Header-Dateien</Filter>
    </ClInclude>
    <ClInclude Include="settings\optionspage_fileexists.h">
      <Filter>Header-Dateien</Filter>
    </ClInclude>
    <ClInclude Include="settings\optionspage_filelists.h">
      <Filter>Header-Dateien</Filter>
    </ClInclude>
    <ClInclude Include="settings\optionspage_filetype.h">
      <Filter>Header-Dateien</Filter>
    </ClInclude>
    <ClInclude Include="settings\optionspage_ftpproxy.h">
      <Filter>Header-Dateien</Filter>
    </ClInclude>
    <ClInclude Include="settings\optionspage_interface.h">
      <Filter>Header-Dateien</Filter>
    </ClInclude>
    <ClInclude Include="settings\optionspage_language.h">
      <Filter>Header-Dateien</Filter>
    </ClInclude>
    <ClInclude Include="settings\optionspage_logging.h">
      <Filter>Header-Dateien</Filter>
    </ClInclude>
    <ClInclude Include="settings\optionspage_proxy.h">
      <Filter>Header-Dateien</Filter>
    </ClInclude>
    <ClInclude Include="settings\optionspage_sizeformatting.h">
      <Filter>Header-Dateien</Filter>
    </ClInclude>
    <ClInclude Include="settings\optionspage_themes.h">
      <Filter>Header-Dateien</Filter>
    </ClInclude>
    <ClInclude Include="settings\optionspage_transfer.h">
      <Filter>Header-Dateien</Filter>
    </ClInclude>
    <ClInclude Include="settings\optionspage_updatecheck.h">
      <Filter>Header-Dateien</Filter>
    </ClInclude>
    <ClInclude Include="power_management.h">
      <Filter>Header-Dateien</Filter>
    </ClInclude>
    <ClInclude Include="queue.h">
      <Filter>Header-Dateien</Filter>
    </ClInclude>
    <ClInclude Include="queue_storage.h">
      <Filter>Header-Dateien</Filter>
    </ClInclude>
    <ClInclude Include="QueueView.h">
      <Filter>Header-Dateien</Filter>
    </ClInclude>
    <ClInclude Include="queueview_failed.h">
      <Filter>Header-Dateien</Filter>
    </ClInclude>
    <ClInclude Include="queueview_successful.h">
      <Filter>Header-Dateien</Filter>
    </ClInclude>
    <ClInclude Include="quickconnectbar.h">
      <Filter>Header-Dateien</Filter>
    </ClInclude>
    <ClInclude Include="recentserverlist.h">
      <Filter>Header-Dateien</Filter>
    </ClInclude>
    <ClInclude Include="recursive_operation.h">
      <Filter>Header-Dateien</Filter>
    </ClInclude>
    <ClInclude Include="RemoteListView.h">
      <Filter>Header-Dateien</Filter>
    </ClInclude>
    <ClInclude Include="RemoteTreeView.h">
      <Filter>Header-Dateien</Filter>
    </ClInclude>
    <ClInclude Include="resources\resource.h">
      <Filter>Header-Dateien</Filter>
    </ClInclude>
    <ClInclude Include="search.h">
      <Filter>Header-Dateien</Filter>
    </ClInclude>
    <ClInclude Include="settings\settingsdialog.h">
      <Filter>Header-Dateien</Filter>
    </ClInclude>
    <ClInclude Include="sftp_crypt_info_dlg.h">
      <Filter>Header-Dateien</Filter>
    </ClInclude>
    <ClInclude Include="sitemanager.h">
      <Filter>Header-Dateien</Filter>
    </ClInclude>
    <ClInclude Include="sitemanager_dialog.h">
      <Filter>Header-Dateien</Filter>
    </ClInclude>
    <ClInclude Include="sizeformatting.h">
      <Filter>Header-Dateien</Filter>
    </ClInclude>
    <ClInclude Include="speedlimits_dialog.h">
      <Filter>Header-Dateien</Filter>
    </ClInclude>
    <ClInclude Include="splitter.h">
      <Filter>Header-Dateien</Filter>
    </ClInclude>
    <ClInclude Include="state.h">
      <Filter>Header-Dateien</Filter>
    </ClInclude>
    <ClInclude Include="statusbar.h">
      <Filter>Header-Dateien</Filter>
    </ClInclude>
    <ClInclude Include="statuslinectrl.h">
      <Filter>Header-Dateien</Filter>
    </ClInclude>
    <ClInclude Include="StatusView.h">
      <Filter>Header-Dateien</Filter>
    </ClInclude>
    <ClInclude Include="systemimagelist.h">
      <Filter>Header-Dateien</Filter>
    </ClInclude>
    <ClInclude Include="taskbariconex.h">
      <Filter>Header-Dateien</Filter>
    </ClInclude>
    <ClInclude Include="textctrlex.h">
      <Filter>Header-Dateien</Filter>
    </ClInclude>
    <ClInclude Include="themeprovider.h">
      <Filter>Header-Dateien</Filter>
    </ClInclude>
    <ClInclude Include="timeformatting.h">
      <Filter>Header-Dateien</Filter>
    </ClInclude>
    <ClInclude Include="toolbar.h">
      <Filter>Header-Dateien</Filter>
    </ClInclude>
    <ClInclude Include="treectrlex.h">
      <Filter>Header-Dateien</Filter>
    </ClInclude>
    <ClInclude Include="updatewizard.h">
      <Filter>Header-Dateien</Filter>
    </ClInclude>
    <ClInclude Include="verifycertdialog.h">
      <Filter>Header-Dateien</Filter>
    </ClInclude>
    <ClInclude Include="verifyhostkeydialog.h">
      <Filter>Header-Dateien</Filter>
    </ClInclude>
    <ClInclude Include="view.h">
      <Filter>Header-Dateien</Filter>
    </ClInclude>
    <ClInclude Include="viewheader.h">
      <Filter>Header-Dateien</Filter>
    </ClInclude>
    <ClInclude Include="volume_enumerator.h">
      <Filter>Header-Dateien</Filter>
    </ClInclude>
    <ClInclude Include="welcome_dialog.h">
      <Filter>Header-Dateien</Filter>
    </ClInclude>
    <ClInclude Include="window_state_manager.h">
      <Filter>Header-Dateien</Filter>
    </ClInclude>
    <ClInclude Include="wrapengine.h">
      <Filter>Header-Dateien</Filter>
    </ClInclude>
    <ClInclude Include="xh_menu_ex.h">
      <Filter>Header-Dateien</Filter>
    </ClInclude>
    <ClInclude Include="xh_text_ex.h">
      <Filter>Header-Dateien</Filter>
    </ClInclude>
    <ClInclude Include="xmlfunctions.h">
      <Filter>Header-Dateien</Filter>
    </ClInclude>
  </ItemGroup>
  <ItemGroup>
    <None Include="resources\wx\msw\blank.cur">
      <Filter>Ressourcendateien</Filter>
    </None>
    <None Include="resources\wx\msw\bullseye.cur">
      <Filter>Ressourcendateien</Filter>
    </None>
    <None Include="resources\wx\msw\cdrom.ico">
      <Filter>Ressourcendateien</Filter>
    </None>
    <None Include="resources\wx\msw\colours.bmp">
      <Filter>Ressourcendateien</Filter>
    </None>
    <None Include="resources\wx\msw\computer.ico">
      <Filter>Ressourcendateien</Filter>
    </None>
    <None Include="resources\wx\msw\cross.cur">
      <Filter>Ressourcendateien</Filter>
    </None>
    <None Include="resources\wx\msw\csquery.bmp">
      <Filter>Ressourcendateien</Filter>
    </None>
    <None Include="resources\wx\msw\drive.ico">
      <Filter>Ressourcendateien</Filter>
    </None>
    <None Include="resources\wx\msw\file1.ico">
      <Filter>Ressourcendateien</Filter>
    </None>
    <None Include="resources\FileZilla.ico">
      <Filter>Ressourcendateien</Filter>
    </None>
    <None Include="resources\wx\msw\floppy.ico">
      <Filter>Ressourcendateien</Filter>
    </None>
    <None Include="resources\wx\msw\folder1.ico">
      <Filter>Ressourcendateien</Filter>
    </None>
    <None Include="resources\wx\msw\folder2.ico">
      <Filter>Ressourcendateien</Filter>
    </None>
    <None Include="resources\wx\msw\hand.cur">
      <Filter>Ressourcendateien</Filter>
    </None>
    <None Include="resources\wx\msw\magnif1.cur">
      <Filter>Ressourcendateien</Filter>
    </None>
    <None Include="resources\wx\msw\pbrush.cur">
      <Filter>Ressourcendateien</Filter>
    </None>
    <None Include="resources\wx\msw\pencil.cur">
      <Filter>Ressourcendateien</Filter>
    </None>
    <None Include="resources\wx\msw\pntleft.cur">
      <Filter>Ressourcendateien</Filter>
    </None>
    <None Include="resources\wx\msw\pntright.cur">
      <Filter>Ressourcendateien</Filter>
    </None>
    <None Include="resources\wx\msw\removble.ico">
      <Filter>Ressourcendateien</Filter>
    </None>
    <None Include="resources\wx\msw\rightarr.cur">
      <Filter>Ressourcendateien</Filter>
    </None>
    <None Include="resources\wx\msw\roller.cur">
      <Filter>Ressourcendateien</Filter>
    </None>
    <None Include="resources\wx\msw\std.ico">
      <Filter>Ressourcendateien</Filter>
    </None>
  </ItemGroup>
  <ItemGroup>
    <ResourceCompile Include="resources\filezilla.rc">
      <Filter>Ressourcendateien</Filter>
    </ResourceCompile>
  </ItemGroup>
</Project>